{
    "requires": true,
    "lockfileVersion": 1,
    "dependencies": {
        "@bazel/bazelisk": {
            "version": "1.6.1",
            "resolved": "https://registry.npmjs.org/@bazel/bazelisk/-/bazelisk-1.6.1.tgz",
            "integrity": "sha512-2JpfZb6eYCGrdLdUJamncIpI4pgEAhPURYGg+rCgqoZDJxzADuOnpf/00dEBXPM2XByXNXTqsKEFN2gTaZz2mA==",
            "dev": true
        },
        "@bazel/buildifier": {
            "version": "3.4.0",
            "resolved": "https://registry.npmjs.org/@bazel/buildifier/-/buildifier-3.4.0.tgz",
            "integrity": "sha512-TdugkgxAIxSyXSBZcLlntQKJ/rGV3LSMjlYuvRr3YtQBn/2sIfpHX0dcNZ7zdCPkev9cK0kpEs42MkmKHY9peQ==",
            "dev": true
        },
        "@bazel/ibazel": {
            "version": "0.13.2",
            "resolved": "https://registry.npmjs.org/@bazel/ibazel/-/ibazel-0.13.2.tgz",
            "integrity": "sha512-q5fGwjTY76MLNcYpF2zEu/y1Clu4DjdjhvJM9+yDKc3+3mBlbX+uiMJYiCz5b0oSYdJTlw1QSRptTYA7CID8EQ==",
            "dev": true
        },
        "@types/lodash": {
            "version": "4.14.161",
            "resolved": "https://registry.npmjs.org/@types/lodash/-/lodash-4.14.161.tgz",
            "integrity": "sha512-EP6O3Jkr7bXvZZSZYlsgt5DIjiGr0dXP1/jVEwVLTFgg0d+3lWVQkRavYVQszV7dYUwvg0B8R0MBDpcmXg7XIA==",
            "dev": true
        },
        "lodash": {
            "version": "4.17.20",
            "resolved": "https://registry.npmjs.org/lodash/-/lodash-4.17.20.tgz",
            "integrity": "sha512-PlhdFcillOINfeV7Ni6oF1TAEayyZBoZ8bcshTHqOYJYlrqzRK5hagpagky5o4HfCzzd1TRkXPMFq6cKk9rGmA=="
        },
        "typescript": {
            "version": "4.0.3",
            "resolved": "https://registry.npmjs.org/typescript/-/typescript-4.0.3.tgz",
            "integrity": "sha512-tEu6DGxGgRJPb/mVPIZ48e69xCn2yRmCgYmDugAVwmJ6o+0u1RI18eO7E7WBTLYLaEVVOhwQmcdhQHweux/WPg==",
            "dev": true
        }
    }
}
